b25320026ea8061938e6afb06d465ea067b85226abcc8fa118348f11123e6950  firecracker-ci/20260916-dcfc69b625d0-0/x86_64/ubuntu-24.04.squashfs
52ca758478551040756881e6fd6364531c848973b438d2fb42298b0f27dde322  firecracker-ci/20260916-dcfc69b625d0-0/x86_64/vmlinux-6.18.48
3a68d3406cf674e17bed1733a4dcf37805e2e47d87417700007d7e1aa766a944  https://claude.ai/install.sh
